
Microsoft Visual Studio Solution File, Format Version 12.00
# Visual Studio 15
VisualStudioVersion = 15.0.28010.2041
MinimumVisualStudioVersion = 10.0.40219.1
Project("{FAE04EC0-301F-11D3-BF4B-00C04F79EFBC}") = "Warsztaty.web", "Warsztaty.web\Warsztaty.web.csproj", "{11DD8E42-D9AC-4E41-B605-DD7335DCDF2F}"
EndProject
Project("{FAE04EC0-301F-11D3-BF4B-00C04F79EFBC}") = "Warsztaty.ViewModel", "Warsztaty.ViewModel\Warsztaty.ViewModel.csproj", "{DD3ED97B-C13A-4F5C-BCC4-D55068EE9AD2}"
EndProject
Project("{FAE04EC0-301F-11D3-BF4B-00C04F79EFBC}") = "Warsztaty.Core", "Warsztaty.Core\Warsztaty.Core.csproj", "{3807BE31-CFDB-463A-BA4D-54E2097CB698}"
EndProject
Global
	GlobalSection(SolutionConfigurationPlatforms) = preSolution
		Debug|Any CPU = Debug|Any CPU
		Release|Any CPU = Release|Any CPU
	EndGlobalSection
	GlobalSection(ProjectConfigurationPlatforms) = postSolution
		{11DD8E42-D9AC-4E41-B605-DD7335DCDF2F}.Debug|Any CPU.ActiveCfg = Debug|Any CPU
		{11DD8E42-D9AC-4E41-B605-DD7335DCDF2F}.Debug|Any CPU.Build.0 = Debug|Any CPU
		{11DD8E42-D9AC-4E41-B605-DD7335DCDF2F}.Release|Any CPU.ActiveCfg = Release|Any CPU
		{11DD8E42-D9AC-4E41-B605-DD7335DCDF2F}.Release|Any CPU.Build.0 = Release|Any CPU
		{DD3ED97B-C13A-4F5C-BCC4-D55068EE9AD2}.Debug|Any CPU.ActiveCfg = Debug|Any CPU
		{DD3ED97B-C13A-4F5C-BCC4-D55068EE9AD2}.Debug|Any CPU.Build.0 = Debug|Any CPU
		{DD3ED97B-C13A-4F5C-BCC4-D55068EE9AD2}.Release|Any CPU.ActiveCfg = Release|Any CPU
		{DD3ED97B-C13A-4F5C-BCC4-D55068EE9AD2}.Release|Any CPU.Build.0 = Release|Any CPU
		{3807BE31-CFDB-463A-BA4D-54E2097CB698}.Debug|Any CPU.ActiveCfg = Debug|Any CPU
		{3807BE31-CFDB-463A-BA4D-54E2097CB698}.Debug|Any CPU.Build.0 = Debug|Any CPU
		{3807BE31-CFDB-463A-BA4D-54E2097CB698}.Release|Any CPU.ActiveCfg = Release|Any CPU
		{3807BE31-CFDB-463A-BA4D-54E2097CB698}.Release|Any CPU.Build.0 = Release|Any CPU
	EndGlobalSection
	GlobalSection(SolutionProperties) = preSolution
		HideSolutionNode = FALSE
	EndGlobalSection
	GlobalSection(ExtensibilityGlobals) = postSolution
		SolutionGuid = {D7BC3D4E-3F09-4FA1-A570-4D8D742FBE2C}
	EndGlobalSection
EndGlobal
